
Microsoft Visual Studio Solution File, Format Version 12.00
# Visual Studio Version 17
VisualStudioVersion = 17.0.31903.59
MinimumVisualStudioVersion = 10.0.40219.1
Project("{2150E333-8FDC-42A3-9474-1A3956D46DE8}") = "src", "src", "{B75840C9-C7E6-4C5C-8B39-6A7B8F9A7B32}"
EndProject
Project("{FAE04EC0-301F-11D3-BF4B-00C04F79EFBC}") = "App", "src\App\App.csproj", "{32FA1603-4DDC-48AE-A185-0B756C573BF8}"
EndProject
Project("{FAE04EC0-301F-11D3-BF4B-00C04F79EFBC}") = "Shared", "src\Shared\Shared.csproj", "{375B7E71-2545-4826-94D2-A7AF9EDCDFF8}"
EndProject
Global
	GlobalSection(SolutionConfigurationPlatforms) = preSolution
		Debug|Any CPU = Debug|Any CPU
		Release|Any CPU = Release|Any CPU
	EndGlobalSection
	GlobalSection(SolutionProperties) = preSolution
		HideSolutionNode = FALSE
	EndGlobalSection
	GlobalSection(ProjectConfigurationPlatforms) = postSolution
		{32FA1603-4DDC-48AE-A185-0B756C573BF8}.Debug|Any CPU.ActiveCfg = Debug|Any CPU
		{32FA1603-4DDC-48AE-A185-0B756C573BF8}.Debug|Any CPU.Build.0 = Debug|Any CPU
		{32FA1603-4DDC-48AE-A185-0B756C573BF8}.Release|Any CPU.ActiveCfg = Release|Any CPU
		{32FA1603-4DDC-48AE-A185-0B756C573BF8}.Release|Any CPU.Build.0 = Release|Any CPU
		{375B7E71-2545-4826-94D2-A7AF9EDCDFF8}.Debug|Any CPU.ActiveCfg = Debug|Any CPU
		{375B7E71-2545-4826-94D2-A7AF9EDCDFF8}.Debug|Any CPU.Build.0 = Debug|Any CPU
		{375B7E71-2545-4826-94D2-A7AF9EDCDFF8}.Release|Any CPU.ActiveCfg = Release|Any CPU
		{375B7E71-2545-4826-94D2-A7AF9EDCDFF8}.Release|Any CPU.Build.0 = Release|Any CPU
	EndGlobalSection
	GlobalSection(NestedProjects) = preSolution
		{32FA1603-4DDC-48AE-A185-0B756C573BF8} = {B75840C9-C7E6-4C5C-8B39-6A7B8F9A7B32}
		{375B7E71-2545-4826-94D2-A7AF9EDCDFF8} = {B75840C9-C7E6-4C5C-8B39-6A7B8F9A7B32}
	EndGlobalSection
EndGlobal
